
Microsoft Visual Studio Solution File, Format Version 12.00
# Visual Studio Version 17
VisualStudioVersion = 17.14.36429.23 d17.14
MinimumVisualStudioVersion = 10.0.40219.1
Project("{FAE04EC0-301F-11D3-BF4B-00C04F79EFBC}") = "MovieRentalSystem", "MovieRentalSystem\MovieRentalSystem.csproj", "{0CCB1071-DF5C-4D78-90BE-E8E9C5B638E8}"
EndProject
Global
	GlobalSection(SolutionConfigurationPlatforms) = preSolution
		Debug|Any CPU = Debug|Any CPU
		Release|Any CPU = Release|Any CPU
	EndGlobalSection
	GlobalSection(ProjectConfigurationPlatforms) = postSolution
		{0CCB1071-DF5C-4D78-90BE-E8E9C5B638E8}.Debug|Any CPU.ActiveCfg = Debug|Any CPU
		{0CCB1071-DF5C-4D78-90BE-E8E9C5B638E8}.Debug|Any CPU.Build.0 = Debug|Any CPU
		{0CCB1071-DF5C-4D78-90BE-E8E9C5B638E8}.Release|Any CPU.ActiveCfg = Release|Any CPU
		{0CCB1071-DF5C-4D78-90BE-E8E9C5B638E8}.Release|Any CPU.Build.0 = Release|Any CPU
	EndGlobalSection
	GlobalSection(SolutionProperties) = preSolution
		HideSolutionNode = FALSE
	EndGlobalSection
	GlobalSection(ExtensibilityGlobals) = postSolution
		SolutionGuid = {F12075F3-BB57-4136-A557-40314A7B2819}
	EndGlobalSection
EndGlobal
